
Microsoft Visual Studio Solution File, Format Version 12.00
# Visual Studio Version 16
VisualStudioVersion = 16.0.29920.165
MinimumVisualStudioVersion = 10.0.40219.1
Project("{F184B08F-C81C-45F6-A57F-5ABD9991F28F}") = "Computer Studies CPT", "Computer Studies CPT\Computer Studies CPT.vbproj", "{3F918354-3DB7-4FE9-9D38-E33BD480146C}"
EndProject
Global
	GlobalSection(SolutionConfigurationPlatforms) = preSolution
		Debug|Any CPU = Debug|Any CPU
		Release|Any CPU = Release|Any CPU
	EndGlobalSection
	GlobalSection(ProjectConfigurationPlatforms) = postSolution
		{3F918354-3DB7-4FE9-9D38-E33BD480146C}.Debug|Any CPU.ActiveCfg = Debug|Any CPU
		{3F918354-3DB7-4FE9-9D38-E33BD480146C}.Debug|Any CPU.Build.0 = Debug|Any CPU
		{3F918354-3DB7-4FE9-9D38-E33BD480146C}.Release|Any CPU.ActiveCfg = Release|Any CPU
		{3F918354-3DB7-4FE9-9D38-E33BD480146C}.Release|Any CPU.Build.0 = Release|Any CPU
	EndGlobalSection
	GlobalSection(SolutionProperties) = preSolution
		HideSolutionNode = FALSE
	EndGlobalSection
	GlobalSection(ExtensibilityGlobals) = postSolution
		SolutionGuid = {537C5279-01AB-4BC4-ABCF-E100BF306B30}
	EndGlobalSection
EndGlobal
